
Microsoft Visual Studio Solution File, Format Version 12.00
# Visual Studio 15
VisualStudioVersion = 15.0.28010.2003
MinimumVisualStudioVersion = 10.0.40219.1
Project("{9A19103F-16F7-4668-BE54-9A1E7A4F7556}") = "Blog.API", "Blog.API\Blog.API.csproj", "{E74F9C13-984D-4CF0-B577-59B119762A6C}"
EndProject
Project("{9A19103F-16F7-4668-BE54-9A1E7A4F7556}") = "Blog.Infrastructure", "Blog.Infrastructure\Blog.Infrastructure.csproj", "{261514A2-A30A-4DCC-87CC-646F8B188607}"
EndProject
Project("{9A19103F-16F7-4668-BE54-9A1E7A4F7556}") = "Blog.Domain", "Blog.Domain\Blog.Domain.csproj", "{2D8E9DE3-9196-4780-9F3D-DA1E1338590D}"
EndProject
Project("{FAE04EC0-301F-11D3-BF4B-00C04F79EFBC}") = "Domain.Framework", "Domain.Framework\Domain.Framework.csproj", "{F1A136F1-93EB-413F-9733-8AF88635826D}"
EndProject
Global
	GlobalSection(SolutionConfigurationPlatforms) = preSolution
		Debug|Any CPU = Debug|Any CPU
		Release|Any CPU = Release|Any CPU
	EndGlobalSection
	GlobalSection(ProjectConfigurationPlatforms) = postSolution
		{E74F9C13-984D-4CF0-B577-59B119762A6C}.Debug|Any CPU.ActiveCfg = Debug|Any CPU
		{E74F9C13-984D-4CF0-B577-59B119762A6C}.Debug|Any CPU.Build.0 = Debug|Any CPU
		{E74F9C13-984D-4CF0-B577-59B119762A6C}.Release|Any CPU.ActiveCfg = Release|Any CPU
		{E74F9C13-984D-4CF0-B577-59B119762A6C}.Release|Any CPU.Build.0 = Release|Any CPU
		{261514A2-A30A-4DCC-87CC-646F8B188607}.Debug|Any CPU.ActiveCfg = Debug|Any CPU
		{261514A2-A30A-4DCC-87CC-646F8B188607}.Debug|Any CPU.Build.0 = Debug|Any CPU
		{261514A2-A30A-4DCC-87CC-646F8B188607}.Release|Any CPU.ActiveCfg = Release|Any CPU
		{261514A2-A30A-4DCC-87CC-646F8B188607}.Release|Any CPU.Build.0 = Release|Any CPU
		{2D8E9DE3-9196-4780-9F3D-DA1E1338590D}.Debug|Any CPU.ActiveCfg = Debug|Any CPU
		{2D8E9DE3-9196-4780-9F3D-DA1E1338590D}.Debug|Any CPU.Build.0 = Debug|Any CPU
		{2D8E9DE3-9196-4780-9F3D-DA1E1338590D}.Release|Any CPU.ActiveCfg = Release|Any CPU
		{2D8E9DE3-9196-4780-9F3D-DA1E1338590D}.Release|Any CPU.Build.0 = Release|Any CPU
		{F1A136F1-93EB-413F-9733-8AF88635826D}.Debug|Any CPU.ActiveCfg = Debug|Any CPU
		{F1A136F1-93EB-413F-9733-8AF88635826D}.Debug|Any CPU.Build.0 = Debug|Any CPU
		{F1A136F1-93EB-413F-9733-8AF88635826D}.Release|Any CPU.ActiveCfg = Release|Any CPU
		{F1A136F1-93EB-413F-9733-8AF88635826D}.Release|Any CPU.Build.0 = Release|Any CPU
	EndGlobalSection
	GlobalSection(SolutionProperties) = preSolution
		HideSolutionNode = FALSE
	EndGlobalSection
	GlobalSection(ExtensibilityGlobals) = postSolution
		SolutionGuid = {F6CDAA47-8187-4884-81B1-1C705128A835}
	EndGlobalSection
EndGlobal
